// !$*UTF8*$!
{
	archiveVersion = 1;
	classes = {
	};
	objectVersion = 56;
	objects = {

/* Begin PBXBuildFile section */
		7BC7E6C42B8C8E9D0096FA52 /* MeatTCAApp.swift in Sources */ = {isa = PBXBuildFile; fileRef = 7BC7E6C32B8C8E9D0096FA52 /* MeatTCAApp.swift */; };
		7BC7E6C62B8C8E9D0096FA52 /* ContentView.swift in Sources */ = {isa = PBXBuildFile; fileRef = 7BC7E6C52B8C8E9D0096FA52 /* ContentView.swift */; };
		7BC7E6C82B8C8E9F0096FA52 /* Assets.xcassets in Resources */ = {isa = PBXBuildFile; fileRef = 7BC7E6C72B8C8E9F0096FA52 /* Assets.xcassets */; };
		7BC7E6CC2B8C8E9F0096FA52 /* Preview Assets.xcassets in Resources */ = {isa = PBXBuildFile; fileRef = 7BC7E6CB2B8C8E9F0096FA52 /* Preview Assets.xcassets */; };
		7BC7E6D42B8C8EE90096FA52 /* ComposableArchitecture in Frameworks */ = {isa = PBXBuildFile; productRef = 7BC7E6D32B8C8EE90096FA52 /* ComposableArchitecture */; };
		7BC7E6D62B8C8F130096FA52 /* CounterFeature.swift in Sources */ = {isa = PBXBuildFile; fileRef = 7BC7E6D52B8C8F130096FA52 /* CounterFeature.swift */; };
		7BC7E6DA2B8CA6B10096FA52 /* GitHubFeature.swift in Sources */ = {isa = PBXBuildFile; fileRef = 7BC7E6D92B8CA6B10096FA52 /* GitHubFeature.swift */; };
		7BC7E6DC2B8D20A50096FA52 /* User.swift in Sources */ = {isa = PBXBuildFile; fileRef = 7BC7E6DB2B8D20A50096FA52 /* User.swift */; };
		7BC7E6E02B8D237D0096FA52 /* GitHubView.swift in Sources */ = {isa = PBXBuildFile; fileRef = 7BC7E6DF2B8D237D0096FA52 /* GitHubView.swift */; };
/* End PBXBuildFile section */

/* Begin PBXFileReference section */
		7BC7E6C02B8C8E9D0096FA52 /* MeatTCA.app */ = {isa = PBXFileReference; explicitFileType = wrapper.application; includeInIndex = 0; path = MeatTCA.app; sourceTree = BUILT_PRODUCTS_DIR; };
		7BC7E6C32B8C8E9D0096FA52 /* MeatTCAApp.swift */ = {isa = PBXFileReference; lastKnownFileType = sourcecode.swift; path = MeatTCAApp.swift; sourceTree = "<group>"; };
		7BC7E6C52B8C8E9D0096FA52 /* ContentView.swift */ = {isa = PBXFileReference; lastKnownFileType = sourcecode.swift; path = ContentView.swift; sourceTree = "<group>"; };
		7BC7E6C72B8C8E9F0096FA52 /* Assets.xcassets */ = {isa = PBXFileReference; lastKnownFileType = folder.assetcatalog; path = Assets.xcassets; sourceTree = "<group>"; };
		7BC7E6C92B8C8E9F0096FA52 /* MeatTCA.entitlements */ = {isa = PBXFileReference; lastKnownFileType = text.plist.entitlements; path = MeatTCA.entitlements; sourceTree = "<group>"; };
		7BC7E6CB2B8C8E9F0096FA52 /* Preview Assets.xcassets */ = {isa = PBXFileReference; lastKnownFileType = folder.assetcatalog; path = "Preview Assets.xcassets"; sourceTree = "<group>"; };
		7BC7E6D52B8C8F130096FA52 /* CounterFeature.swift */ = {isa = PBXFileReference; lastKnownFileType = sourcecode.swift; path = CounterFeature.swift; sourceTree = "<group>"; };
		7BC7E6D92B8CA6B10096FA52 /* GitHubFeature.swift */ = {isa = PBXFileReference; lastKnownFileType = sourcecode.swift; path = GitHubFeature.swift; sourceTree = "<group>"; };
		7BC7E6DB2B8D20A50096FA52 /* User.swift */ = {isa = PBXFileReference; lastKnownFileType = sourcecode.swift; path = User.swift; sourceTree = "<group>"; };
		7BC7E6DF2B8D237D0096FA52 /* GitHubView.swift */ = {isa = PBXFileReference; lastKnownFileType = sourcecode.swift; path = GitHubView.swift; sourceTree = "<group>"; };
/* End PBXFileReference section */

/* Begin PBXFrameworksBuildPhase section */
		7BC7E6BD2B8C8E9D0096FA52 /* Frameworks */ = {
			isa = PBXFrameworksBuildPhase;
			buildActionMask = 2147483647;
			files = (
				7BC7E6D42B8C8EE90096FA52 /* ComposableArchitecture in Frameworks */,
			);
			runOnlyForDeploymentPostprocessing = 0;
		};
/* End PBXFrameworksBuildPhase section */

/* Begin PBXGroup section */
		7BC7E6B72B8C8E9D0096FA52 = {
			isa = PBXGroup;
			children = (
				7BC7E6C22B8C8E9D0096FA52 /* MeatTCA */,
				7BC7E6C12B8C8E9D0096FA52 /* Products */,
			);
			sourceTree = "<group>";
		};
		7BC7E6C12B8C8E9D0096FA52 /* Products */ = {
			isa = PBXGroup;
			children = (
				7BC7E6C02B8C8E9D0096FA52 /* MeatTCA.app */,
			);
			name = Products;
			sourceTree = "<group>";
		};
		7BC7E6C22B8C8E9D0096FA52 /* MeatTCA */ = {
			isa = PBXGroup;
			children = (
				7BC7E6C32B8C8E9D0096FA52 /* MeatTCAApp.swift */,
				7BC7E6DE2B8D23710096FA52 /* View */,
				7BC7E6DD2B8D233E0096FA52 /* Feature */,
				7BC7E6DB2B8D20A50096FA52 /* User.swift */,
				7BC7E6C72B8C8E9F0096FA52 /* Assets.xcassets */,
				7BC7E6C92B8C8E9F0096FA52 /* MeatTCA.entitlements */,
				7BC7E6CA2B8C8E9F0096FA52 /* Preview Content */,
			);
			path = MeatTCA;
			sourceTree = "<group>";
		};
		7BC7E6CA2B8C8E9F0096FA52 /* Preview Content */ = {
			isa = PBXGroup;
			children = (
				7BC7E6CB2B8C8E9F0096FA52 /* Preview Assets.xcassets */,
			);
			path = "Preview Content";
			sourceTree = "<group>";
		};
		7BC7E6DD2B8D233E0096FA52 /* Feature */ = {
			isa = PBXGroup;
			children = (
				7BC7E6D52B8C8F130096FA52 /* CounterFeature.swift */,
				7BC7E6D92B8CA6B10096FA52 /* GitHubFeature.swift */,
			);
			path = Feature;
			sourceTree = "<group>";
		};
		7BC7E6DE2B8D23710096FA52 /* View */ = {
			isa = PBXGroup;
			children = (
				7BC7E6C52B8C8E9D0096FA52 /* ContentView.swift */,
				7BC7E6DF2B8D237D0096FA52 /* GitHubView.swift */,
			);
			path = View;
			sourceTree = "<group>";
		};
/* End PBXGroup section */

/* Begin PBXNativeTarget section */
		7BC7E6BF2B8C8E9D0096FA52 /* MeatTCA */ = {
			isa = PBXNativeTarget;
			buildConfigurationList = 7BC7E6CF2B8C8E9F0096FA52 /* Build configuration list for PBXNativeTarget "MeatTCA" */;
			buildPhases = (
				7BC7E6BC2B8C8E9D0096FA52 /* Sources */,
				7BC7E6BD2B8C8E9D0096FA52 /* Frameworks */,
				7BC7E6BE2B8C8E9D0096FA52 /* Resources */,
			);
			buildRules = (
			);
			dependencies = (
			);
			name = MeatTCA;
			packageProductDependencies = (
				7BC7E6D32B8C8EE90096FA52 /* ComposableArchitecture */,
			);
			productName = MeatTCA;
			productReference = 7BC7E6C02B8C8E9D0096FA52 /* MeatTCA.app */;
			productType = "com.apple.product-type.application";
		};
/* End PBXNativeTarget section */

/* Begin PBXProject section */
		7BC7E6B82B8C8E9D0096FA52 /* Project object */ = {
			isa = PBXProject;
			attributes = {
				BuildIndependentTargetsInParallel = 1;
				LastSwiftUpdateCheck = 1520;
				LastUpgradeCheck = 1520;
				TargetAttributes = {
					7BC7E6BF2B8C8E9D0096FA52 = {
						CreatedOnToolsVersion = 15.2;
					};
				};
			};
			buildConfigurationList = 7BC7E6BB2B8C8E9D0096FA52 /* Build configuration list for PBXProject "MeatTCA" */;
			compatibilityVersion = "Xcode 14.0";
			developmentRegion = en;
			hasScannedForEncodings = 0;
			knownRegions = (
				en,
				Base,
			);
			mainGroup = 7BC7E6B72B8C8E9D0096FA52;
			packageReferences = (
				7BC7E6D22B8C8EE90096FA52 /* XCRemoteSwiftPackageReference "swift-composable-architecture" */,
			);
			productRefGroup = 7BC7E6C12B8C8E9D0096FA52 /* Products */;
			projectDirPath = "";
			projectRoot = "";
			targets = (
				7BC7E6BF2B8C8E9D0096FA52 /* MeatTCA */,
			);
		};
/* End PBXProject section */

/* Begin PBXResourcesBuildPhase section */
		7BC7E6BE2B8C8E9D0096FA52 /* Resources */ = {
			isa = PBXResourcesBuildPhase;
			buildActionMask = 2147483647;
			files = (
				7BC7E6CC2B8C8E9F0096FA52 /* Preview Assets.xcassets in Resources */,
				7BC7E6C82B8C8E9F0096FA52 /* Assets.xcassets in Resources */,
			);
			runOnlyForDeploymentPostprocessing = 0;
		};
/* End PBXResourcesBuildPhase section */

/* Begin PBXSourcesBuildPhase section */
		7BC7E6BC2B8C8E9D0096FA52 /* Sources */ = {
			isa = PBXSourcesBuildPhase;
			buildActionMask = 2147483647;
			files = (
				7BC7E6DA2B8CA6B10096FA52 /* GitHubFeature.swift in Sources */,
				7BC7E6D62B8C8F130096FA52 /* CounterFeature.swift in Sources */,
				7BC7E6C62B8C8E9D0096FA52 /* ContentView.swift in Sources */,
				7BC7E6E02B8D237D0096FA52 /* GitHubView.swift in Sources */,
				7BC7E6DC2B8D20A50096FA52 /* User.swift in Sources */,
				7BC7E6C42B8C8E9D0096FA52 /* MeatTCAApp.swift in Sources */,
			);
			runOnlyForDeploymentPostprocessing = 0;
		};
/* End PBXSourcesBuildPhase section */

/* Begin XCBuildConfiguration section */
		7BC7E6CD2B8C8E9F0096FA52 /* Debug */ = {
			isa = XCBuildConfiguration;
			buildSettings = {
				ALWAYS_SEARCH_USER_PATHS = NO;
				ASSETCATALOG_COMPILER_GENERATE_SWIFT_ASSET_SYMBOL_EXTENSIONS = YES;
				CLANG_ANALYZER_NONNULL = YES;
				CLANG_ANALYZER_NUMBER_OBJECT_CONVERSION = YES_AGGRESSIVE;
				CLANG_CXX_LANGUAGE_STANDARD = "gnu++20";
				CLANG_ENABLE_MODULES = YES;
				CLANG_ENABLE_OBJC_ARC = YES;
				CLANG_ENABLE_OBJC_WEAK = YES;
				CLANG_WARN_BLOCK_CAPTURE_AUTORELEASING = YES;
				CLANG_WARN_BOOL_CONVERSION = YES;
				CLANG_WARN_COMMA = YES;
				CLANG_WARN_CONSTANT_CONVERSION = YES;
				CLANG_WARN_DEPRECATED_OBJC_IMPLEMENTATIONS = YES;
				CLANG_WARN_DIRECT_OBJC_ISA_USAGE = YES_ERROR;
				CLANG_WARN_DOCUMENTATION_COMMENTS = YES;
				CLANG_WARN_EMPTY_BODY = YES;
				CLANG_WARN_ENUM_CONVERSION = YES;
				CLANG_WARN_INFINITE_RECURSION = YES;
				CLANG_WARN_INT_CONVERSION = YES;
				CLANG_WARN_NON_LITERAL_NULL_CONVERSION = YES;
				CLANG_WARN_OBJC_IMPLICIT_RETAIN_SELF = YES;
				CLANG_WARN_OBJC_LITERAL_CONVERSION = YES;
				CLANG_WARN_OBJC_ROOT_CLASS = YES_ERROR;
				CLANG_WARN_QUOTED_INCLUDE_IN_FRAMEWORK_HEADER = YES;
				CLANG_WARN_RANGE_LOOP_ANALYSIS = YES;
				CLANG_WARN_STRICT_PROTOTYPES = YES;
				CLANG_WARN_SUSPICIOUS_MOVE = YES;
				CLANG_WARN_UNGUARDED_AVAILABILITY = YES_AGGRESSIVE;
				CLANG_WARN_UNREACHABLE_CODE = YES;
				CLANG_WARN__DUPLICATE_METHOD_MATCH = YES;
				COPY_PHASE_STRIP = NO;
				DEBUG_INFORMATION_FORMAT = dwarf;
				ENABLE_STRICT_OBJC_MSGSEND = YES;
				ENABLE_TESTABILITY = YES;
				ENABLE_USER_SCRIPT_SANDBOXING = YES;
				GCC_C_LANGUAGE_STANDARD = gnu17;
				GCC_DYNAMIC_NO_PIC = NO;
				GCC_NO_COMMON_BLOCKS = YES;
				GCC_OPTIMIZATION_LEVEL = 0;
				GCC_PREPROCESSOR_DEFINITIONS = (
					"DEBUG=1",
					"$(inherited)",
				);
				GCC_WARN_64_TO_32_BIT_CONVERSION = YES;
				GCC_WARN_ABOUT_RETURN_TYPE = YES_ERROR;
				GCC_WARN_UNDECLARED_SELECTOR = YES;
				GCC_WARN_UNINITIALIZED_AUTOS = YES_AGGRESSIVE;
				GCC_WARN_UNUSED_FUNCTION = YES;
				GCC_WARN_UNUSED_VARIABLE = YES;
				LOCALIZATION_PREFERS_STRING_CATALOGS = YES;
				MTL_ENABLE_DEBUG_INFO = INCLUDE_SOURCE;
				MTL_FAST_MATH = YES;
				ONLY_ACTIVE_ARCH = YES;
				SWIFT_ACTIVE_COMPILATION_CONDITIONS = "DEBUG $(inherited)";
				SWIFT_OPTIMIZATION_LEVEL = "-Onone";
			};
			name = Debug;
		};
		7BC7E6CE2B8C8E9F0096FA52 /* Release */ = {
			isa = XCBuildConfiguration;
			buildSettings = {
				ALWAYS_SEARCH_USER_PATHS = NO;
				ASSETCATALOG_COMPILER_GENERATE_SWIFT_ASSET_SYMBOL_EXTENSIONS = YES;
				CLANG_ANALYZER_NONNULL = YES;
				CLANG_ANALYZER_NUMBER_OBJECT_CONVERSION = YES_AGGRESSIVE;
				CLANG_CXX_LANGUAGE_STANDARD = "gnu++20";
				CLANG_ENABLE_MODULES = YES;
				CLANG_ENABLE_OBJC_ARC = YES;
				CLANG_ENABLE_OBJC_WEAK = YES;
				CLANG_WARN_BLOCK_CAPTURE_AUTORELEASING = YES;
				CLANG_WARN_BOOL_CONVERSION = YES;
				CLANG_WARN_COMMA = YES;
				CLANG_WARN_CONSTANT_CONVERSION = YES;
				CLANG_WARN_DEPRECATED_OBJC_IMPLEMENTATIONS = YES;
				CLANG_WARN_DIRECT_OBJC_ISA_USAGE = YES_ERROR;
				CLANG_WARN_DOCUMENTATION_COMMENTS = YES;
				CLANG_WARN_EMPTY_BODY = YES;
				CLANG_WARN_ENUM_CONVERSION = YES;
				CLANG_WARN_INFINITE_RECURSION = YES;
				CLANG_WARN_INT_CONVERSION = YES;
				CLANG_WARN_NON_LITERAL_NULL_CONVERSION = YES;
				CLANG_WARN_OBJC_IMPLICIT_RETAIN_SELF = YES;
				CLANG_WARN_OBJC_LITERAL_CONVERSION = YES;
				CLANG_WARN_OBJC_ROOT_CLASS = YES_ERROR;
				CLANG_WARN_QUOTED_INCLUDE_IN_FRAMEWORK_HEADER = YES;
				CLANG_WARN_RANGE_LOOP_ANALYSIS = YES;
				CLANG_WARN_STRICT_PROTOTYPES = YES;
				CLANG_WARN_SUSPICIOUS_MOVE = YES;
				CLANG_WARN_UNGUARDED_AVAILABILITY = YES_AGGRESSIVE;
				CLANG_WARN_UNREACHABLE_CODE = YES;
				CLANG_WARN__DUPLICATE_METHOD_MATCH = YES;
				COPY_PHASE_STRIP = NO;
				DEBUG_INFORMATION_FORMAT = "dwarf-with-dsym";
				ENABLE_NS_ASSERTIONS = NO;
				ENABLE_STRICT_OBJC_MSGSEND = YES;
				ENABLE_USER_SCRIPT_SANDBOXING = YES;
				GCC_C_LANGUAGE_STANDARD = gnu17;
				GCC_NO_COMMON_BLOCKS = YES;
				GCC_WARN_64_TO_32_BIT_CONVERSION = YES;
				GCC_WARN_ABOUT_RETURN_TYPE = YES_ERROR;
				GCC_WARN_UNDECLARED_SELECTOR = YES;
				GCC_WARN_UNINITIALIZED_AUTOS = YES_AGGRESSIVE;
				GCC_WARN_UNUSED_FUNCTION = YES;
				GCC_WARN_UNUSED_VARIABLE = YES;
				LOCALIZATION_PREFERS_STRING_CATALOGS = YES;
				MTL_ENABLE_DEBUG_INFO = NO;
				MTL_FAST_MATH = YES;
				SWIFT_COMPILATION_MODE = wholemodule;
			};
			name = Release;
		};
		7BC7E6D02B8C8E9F0096FA52 /* Debug */ = {
			isa = XCBuildConfiguration;
			buildSettings = {
				ASSETCATALOG_COMPILER_APPICON_NAME = AppIcon;
				ASSETCATALOG_COMPILER_GLOBAL_ACCENT_COLOR_NAME = AccentColor;
				CODE_SIGN_ENTITLEMENTS = MeatTCA/MeatTCA.entitlements;
				CODE_SIGN_STYLE = Automatic;
				CURRENT_PROJECT_VERSION = 1;
				DEVELOPMENT_ASSET_PATHS = "\"MeatTCA/Preview Content\"";
				DEVELOPMENT_TEAM = 45DJ789B5K;
				ENABLE_HARDENED_RUNTIME = YES;
				ENABLE_PREVIEWS = YES;
				GENERATE_INFOPLIST_FILE = YES;
				"INFOPLIST_KEY_UIApplicationSceneManifest_Generation[sdk=iphoneos*]" = YES;
				"INFOPLIST_KEY_UIApplicationSceneManifest_Generation[sdk=iphonesimulator*]" = YES;
				"INFOPLIST_KEY_UIApplicationSupportsIndirectInputEvents[sdk=iphoneos*]" = YES;
				"INFOPLIST_KEY_UIApplicationSupportsIndirectInputEvents[sdk=iphonesimulator*]" = YES;
				"INFOPLIST_KEY_UILaunchScreen_Generation[sdk=iphoneos*]" = YES;
				"INFOPLIST_KEY_UILaunchScreen_Generation[sdk=iphonesimulator*]" = YES;
				"INFOPLIST_KEY_UIStatusBarStyle[sdk=iphoneos*]" = UIStatusBarStyleDefault;
				"INFOPLIST_KEY_UIStatusBarStyle[sdk=iphonesimulator*]" = UIStatusBarStyleDefault;
				INFOPLIST_KEY_UISupportedInterfaceOrientations_iPad = "UIInterfaceOrientationPortrait UIInterfaceOrientationPortraitUpsideDown UIInterfaceOrientationLandscapeLeft UIInterfaceOrientationLandscapeRight";
				INFOPLIST_KEY_UISupportedInterfaceOrientations_iPhone = "UIInterfaceOrientationPortrait UIInterfaceOrientationLandscapeLeft UIInterfaceOrientationLandscapeRight";
				IPHONEOS_DEPLOYMENT_TARGET = 17.2;
				LD_RUNPATH_SEARCH_PATHS = "@executable_path/Frameworks";
				"LD_RUNPATH_SEARCH_PATHS[sdk=macosx*]" = "@executable_path/../Frameworks";
				MACOSX_DEPLOYMENT_TARGET = 14.2;
				MARKETING_VERSION = 1.0;
				PRODUCT_BUNDLE_IDENTIFIER = com.miraving.MeatTCA;
				PRODUCT_NAME = "$(TARGET_NAME)";
				SDKROOT = auto;
				SUPPORTED_PLATFORMS = "iphoneos iphonesimulator macosx";
				SWIFT_EMIT_LOC_STRINGS = YES;
				SWIFT_VERSION = 5.0;
				TARGETED_DEVICE_FAMILY = "1,2";
			};
			name = Debug;
		};
		7BC7E6D12B8C8E9F0096FA52 /* Release */ = {
			isa = XCBuildConfiguration;
			buildSettings = {
				ASSETCATALOG_COMPILER_APPICON_NAME = AppIcon;
				ASSETCATALOG_COMPILER_GLOBAL_ACCENT_COLOR_NAME = AccentColor;
				CODE_SIGN_ENTITLEMENTS = MeatTCA/MeatTCA.entitlements;
				CODE_SIGN_STYLE = Automatic;
				CURRENT_PROJECT_VERSION = 1;
				DEVELOPMENT_ASSET_PATHS = "\"MeatTCA/Preview Content\"";
				DEVELOPMENT_TEAM = 45DJ789B5K;
				ENABLE_HARDENED_RUNTIME = YES;
				ENABLE_PREVIEWS = YES;
				GENERATE_INFOPLIST_FILE = YES;
				"INFOPLIST_KEY_UIApplicationSceneManifest_Generation[sdk=iphoneos*]" = YES;
				"INFOPLIST_KEY_UIApplicationSceneManifest_Generation[sdk=iphonesimulator*]" = YES;
				"INFOPLIST_KEY_UIApplicationSupportsIndirectInputEvents[sdk=iphoneos*]" = YES;
				"INFOPLIST_KEY_UIApplicationSupportsIndirectInputEvents[sdk=iphonesimulator*]" = YES;
				"INFOPLIST_KEY_UILaunchScreen_Generation[sdk=iphoneos*]" = YES;
				"INFOPLIST_KEY_UILaunchScreen_Generation[sdk=iphonesimulator*]" = YES;
				"INFOPLIST_KEY_UIStatusBarStyle[sdk=iphoneos*]" = UIStatusBarStyleDefault;
				"INFOPLIST_KEY_UIStatusBarStyle[sdk=iphonesimulator*]" = UIStatusBarStyleDefault;
				INFOPLIST_KEY_UISupportedInterfaceOrientations_iPad = "UIInterfaceOrientationPortrait UIInterfaceOrientationPortraitUpsideDown UIInterfaceOrientationLandscapeLeft UIInterfaceOrientationLandscapeRight";
				INFOPLIST_KEY_UISupportedInterfaceOrientations_iPhone = "UIInterfaceOrientationPortrait UIInterfaceOrientationLandscapeLeft UIInterfaceOrientationLandscapeRight";
				IPHONEOS_DEPLOYMENT_TARGET = 17.2;
				LD_RUNPATH_SEARCH_PATHS = "@executable_path/Frameworks";
				"LD_RUNPATH_SEARCH_PATHS[sdk=macosx*]" = "@executable_path/../Frameworks";
				MACOSX_DEPLOYMENT_TARGET = 14.2;
				MARKETING_VERSION = 1.0;
				PRODUCT_BUNDLE_IDENTIFIER = com.miraving.MeatTCA;
				PRODUCT_NAME = "$(TARGET_NAME)";
				SDKROOT = auto;
				SUPPORTED_PLATFORMS = "iphoneos iphonesimulator macosx";
				SWIFT_EMIT_LOC_STRINGS = YES;
				SWIFT_VERSION = 5.0;
				TARGETED_DEVICE_FAMILY = "1,2";
			};
			name = Release;
		};
/* End XCBuildConfiguration section */

/* Begin XCConfigurationList section */
		7BC7E6BB2B8C8E9D0096FA52 /* Build configuration list for PBXProject "MeatTCA" */ = {
			isa = XCConfigurationList;
			buildConfigurations = (
				7BC7E6CD2B8C8E9F0096FA52 /* Debug */,
				7BC7E6CE2B8C8E9F0096FA52 /* Release */,
			);
			defaultConfigurationIsVisible = 0;
			defaultConfigurationName = Release;
		};
		7BC7E6CF2B8C8E9F0096FA52 /* Build configuration list for PBXNativeTarget "MeatTCA" */ = {
			isa = XCConfigurationList;
			buildConfigurations = (
				7BC7E6D02B8C8E9F0096FA52 /* Debug */,
				7BC7E6D12B8C8E9F0096FA52 /* Release */,
			);
			defaultConfigurationIsVisible = 0;
			defaultConfigurationName = Release;
		};
/* End XCConfigurationList section */

/* Begin XCRemoteSwiftPackageReference section */
		7BC7E6D22B8C8EE90096FA52 /* XCRemoteSwiftPackageReference "swift-composable-architecture" */ = {
			isa = XCRemoteSwiftPackageReference;
			repositoryURL = "https://github.com/pointfreeco/swift-composable-architecture";
			requirement = {
				kind = upToNextMajorVersion;
				minimumVersion = 1.8.2;
			};
		};
/* End XCRemoteSwiftPackageReference section */

/* Begin XCSwiftPackageProductDependency section */
		7BC7E6D32B8C8EE90096FA52 /* ComposableArchitecture */ = {
			isa = XCSwiftPackageProductDependency;
			package = 7BC7E6D22B8C8EE90096FA52 /* XCRemoteSwiftPackageReference "swift-composable-architecture" */;
			productName = ComposableArchitecture;
		};
/* End XCSwiftPackageProductDependency section */
	};
	rootObject = 7BC7E6B82B8C8E9D0096FA52 /* Project object */;
}
